github.com/bigobject-inc/stailib v1.8.0 h1:MNjQ3vLndlvwMRLm6CP192TbFttquHguZUfukVz3IE4=
github.com/bigobject-inc/stailib v1.8.0/go.mod h1:fgiU0EYRs1RqJ4E5FhdrihxP874O3C69iK6NXMq4BYs=
github.com/bigobject-inc/stailib v1.8.1 h1:gHG3HSVITgAIvU/kM7mWqF2m6hauXbJwKZ6exhFTOkI=
github.com/bigobject-inc/stailib v1.8.1/go.mod h1:fgiU0EYRs1RqJ4E5FhdrihxP874O3C69iK6NXMq4BYs=
